
Microsoft Visual Studio Solution File, Format Version 12.00
# Visual Studio Version 16
VisualStudioVersion = 16.0.32510.428
MinimumVisualStudioVersion = 10.0.40219.1
Project("{FAE04EC0-301F-11D3-BF4B-00C04F79EFBC}") = "WebApplication4", "WebApplication4\WebApplication4.csproj", "{228949FE-02D4-45C6-976D-D963CD5B5116}"
EndProject
Global
	GlobalSection(SolutionConfigurationPlatforms) = preSolution
		Debug|Any CPU = Debug|Any CPU
		Release|Any CPU = Release|Any CPU
	EndGlobalSection
	GlobalSection(ProjectConfigurationPlatforms) = postSolution
		{228949FE-02D4-45C6-976D-D963CD5B5116}.Debug|Any CPU.ActiveCfg = Debug|Any CPU
		{228949FE-02D4-45C6-976D-D963CD5B5116}.Debug|Any CPU.Build.0 = Debug|Any CPU
		{228949FE-02D4-45C6-976D-D963CD5B5116}.Release|Any CPU.ActiveCfg = Release|Any CPU
		{228949FE-02D4-45C6-976D-D963CD5B5116}.Release|Any CPU.Build.0 = Release|Any CPU
	EndGlobalSection
	GlobalSection(SolutionProperties) = preSolution
		HideSolutionNode = FALSE
	EndGlobalSection
	GlobalSection(ExtensibilityGlobals) = postSolution
		SolutionGuid = {E696C097-418E-4BCC-8679-BF69BB2048C4}
	EndGlobalSection
EndGlobal
