
Microsoft Visual Studio Solution File, Format Version 12.00
# Visual Studio Version 16
VisualStudioVersion = 16.0.32510.428
MinimumVisualStudioVersion = 10.0.40219.1
Project("{FAE04EC0-301F-11D3-BF4B-00C04F79EFBC}") = "TwentyOne", "TwentyOne\TwentyOne.csproj", "{3688948D-B02B-4F6D-A2C7-81CC399B1FC0}"
EndProject
Project("{FAE04EC0-301F-11D3-BF4B-00C04F79EFBC}") = "Casino", "Casino\Casino.csproj", "{18DC2A03-D7F4-447E-8389-B21F0B51C451}"
EndProject
Global
	GlobalSection(SolutionConfigurationPlatforms) = preSolution
		Debug|Any CPU = Debug|Any CPU
		Release|Any CPU = Release|Any CPU
	EndGlobalSection
	GlobalSection(ProjectConfigurationPlatforms) = postSolution
		{3688948D-B02B-4F6D-A2C7-81CC399B1FC0}.Debug|Any CPU.ActiveCfg = Debug|Any CPU
		{3688948D-B02B-4F6D-A2C7-81CC399B1FC0}.Debug|Any CPU.Build.0 = Debug|Any CPU
		{3688948D-B02B-4F6D-A2C7-81CC399B1FC0}.Release|Any CPU.ActiveCfg = Release|Any CPU
		{3688948D-B02B-4F6D-A2C7-81CC399B1FC0}.Release|Any CPU.Build.0 = Release|Any CPU
		{18DC2A03-D7F4-447E-8389-B21F0B51C451}.Debug|Any CPU.ActiveCfg = Debug|Any CPU
		{18DC2A03-D7F4-447E-8389-B21F0B51C451}.Debug|Any CPU.Build.0 = Debug|Any CPU
		{18DC2A03-D7F4-447E-8389-B21F0B51C451}.Release|Any CPU.ActiveCfg = Release|Any CPU
		{18DC2A03-D7F4-447E-8389-B21F0B51C451}.Release|Any CPU.Build.0 = Release|Any CPU
	EndGlobalSection
	GlobalSection(SolutionProperties) = preSolution
		HideSolutionNode = FALSE
	EndGlobalSection
	GlobalSection(ExtensibilityGlobals) = postSolution
		SolutionGuid = {D0C3FC47-1875-4A9B-8D10-3BCB6E25CEED}
	EndGlobalSection
EndGlobal
