
Microsoft Visual Studio Solution File, Format Version 12.00
# Visual Studio Version 16
VisualStudioVersion = 16.0.32510.428
MinimumVisualStudioVersion = 10.0.40219.1
Project("{FAE04EC0-301F-11D3-BF4B-00C04F79EFBC}") = "DateTimeassign", "DateTimeassign\DateTimeassign.csproj", "{817D16CA-9352-4C7A-8DB3-1FE14610DB8D}"
EndProject
Global
	GlobalSection(SolutionConfigurationPlatforms) = preSolution
		Debug|Any CPU = Debug|Any CPU
		Release|Any CPU = Release|Any CPU
	EndGlobalSection
	GlobalSection(ProjectConfigurationPlatforms) = postSolution
		{817D16CA-9352-4C7A-8DB3-1FE14610DB8D}.Debug|Any CPU.ActiveCfg = Debug|Any CPU
		{817D16CA-9352-4C7A-8DB3-1FE14610DB8D}.Debug|Any CPU.Build.0 = Debug|Any CPU
		{817D16CA-9352-4C7A-8DB3-1FE14610DB8D}.Release|Any CPU.ActiveCfg = Release|Any CPU
		{817D16CA-9352-4C7A-8DB3-1FE14610DB8D}.Release|Any CPU.Build.0 = Release|Any CPU
	EndGlobalSection
	GlobalSection(SolutionProperties) = preSolution
		HideSolutionNode = FALSE
	EndGlobalSection
	GlobalSection(ExtensibilityGlobals) = postSolution
		SolutionGuid = {EBB43E99-45D8-4E56-AF38-9AA23C559307}
	EndGlobalSection
EndGlobal
