
Microsoft Visual Studio Solution File, Format Version 12.00
# Visual Studio Version 16
VisualStudioVersion = 16.0.32510.428
MinimumVisualStudioVersion = 10.0.40219.1
Project("{FAE04EC0-301F-11D3-BF4B-00C04F79EFBC}") = "MathStringChallenge", "MathStringChallenge\MathStringChallenge.csproj", "{155B4DA8-FABA-4466-80DA-56443B56FE20}"
EndProject
Global
	GlobalSection(SolutionConfigurationPlatforms) = preSolution
		Debug|Any CPU = Debug|Any CPU
		Release|Any CPU = Release|Any CPU
	EndGlobalSection
	GlobalSection(ProjectConfigurationPlatforms) = postSolution
		{155B4DA8-FABA-4466-80DA-56443B56FE20}.Debug|Any CPU.ActiveCfg = Debug|Any CPU
		{155B4DA8-FABA-4466-80DA-56443B56FE20}.Debug|Any CPU.Build.0 = Debug|Any CPU
		{155B4DA8-FABA-4466-80DA-56443B56FE20}.Release|Any CPU.ActiveCfg = Release|Any CPU
		{155B4DA8-FABA-4466-80DA-56443B56FE20}.Release|Any CPU.Build.0 = Release|Any CPU
	EndGlobalSection
	GlobalSection(SolutionProperties) = preSolution
		HideSolutionNode = FALSE
	EndGlobalSection
	GlobalSection(ExtensibilityGlobals) = postSolution
		SolutionGuid = {E83C71E5-8134-4E00-81AA-EDBA1BF18187}
	EndGlobalSection
EndGlobal
