
Microsoft Visual Studio Solution File, Format Version 12.00
# Visual Studio Version 16
VisualStudioVersion = 16.0.32510.428
MinimumVisualStudioVersion = 10.0.40219.1
Project("{FAE04EC0-301F-11D3-BF4B-00C04F79EFBC}") = "ConsoleAppStringsandIntegersassign", "ConsoleAppStringsandIntegersassign\ConsoleAppStringsandIntegersassign.csproj", "{844C79CC-0612-490D-A1AD-671FB768B98A}"
EndProject
Global
	GlobalSection(SolutionConfigurationPlatforms) = preSolution
		Debug|Any CPU = Debug|Any CPU
		Release|Any CPU = Release|Any CPU
	EndGlobalSection
	GlobalSection(ProjectConfigurationPlatforms) = postSolution
		{844C79CC-0612-490D-A1AD-671FB768B98A}.Debug|Any CPU.ActiveCfg = Debug|Any CPU
		{844C79CC-0612-490D-A1AD-671FB768B98A}.Debug|Any CPU.Build.0 = Debug|Any CPU
		{844C79CC-0612-490D-A1AD-671FB768B98A}.Release|Any CPU.ActiveCfg = Release|Any CPU
		{844C79CC-0612-490D-A1AD-671FB768B98A}.Release|Any CPU.Build.0 = Release|Any CPU
	EndGlobalSection
	GlobalSection(SolutionProperties) = preSolution
		HideSolutionNode = FALSE
	EndGlobalSection
	GlobalSection(ExtensibilityGlobals) = postSolution
		SolutionGuid = {2D5D5DA4-A450-4595-9020-E23CC3EB6E63}
	EndGlobalSection
EndGlobal
