
Microsoft Visual Studio Solution File, Format Version 12.00
# Visual Studio Version 16
VisualStudioVersion = 16.0.32510.428
MinimumVisualStudioVersion = 10.0.40219.1
Project("{FAE04EC0-301F-11D3-BF4B-00C04F79EFBC}") = "ConsoleAppPart5assign", "ConsoleAppPart5assign\ConsoleAppPart5assign.csproj", "{E1E032AF-0AAA-4EC0-B2D1-4E4B0C8AE100}"
EndProject
Global
	GlobalSection(SolutionConfigurationPlatforms) = preSolution
		Debug|Any CPU = Debug|Any CPU
		Release|Any CPU = Release|Any CPU
	EndGlobalSection
	GlobalSection(ProjectConfigurationPlatforms) = postSolution
		{E1E032AF-0AAA-4EC0-B2D1-4E4B0C8AE100}.Debug|Any CPU.ActiveCfg = Debug|Any CPU
		{E1E032AF-0AAA-4EC0-B2D1-4E4B0C8AE100}.Debug|Any CPU.Build.0 = Debug|Any CPU
		{E1E032AF-0AAA-4EC0-B2D1-4E4B0C8AE100}.Release|Any CPU.ActiveCfg = Release|Any CPU
		{E1E032AF-0AAA-4EC0-B2D1-4E4B0C8AE100}.Release|Any CPU.Build.0 = Release|Any CPU
	EndGlobalSection
	GlobalSection(SolutionProperties) = preSolution
		HideSolutionNode = FALSE
	EndGlobalSection
	GlobalSection(ExtensibilityGlobals) = postSolution
		SolutionGuid = {5BBEC0F0-F57C-429C-95EF-87128415E785}
	EndGlobalSection
EndGlobal
