
Microsoft Visual Studio Solution File, Format Version 12.00
# Visual Studio Version 16
VisualStudioVersion = 16.0.32510.428
MinimumVisualStudioVersion = 10.0.40219.1
Project("{FAE04EC0-301F-11D3-BF4B-00C04F79EFBC}") = "ConsoleAppPart4assign", "ConsoleAppPart4assign\ConsoleAppPart4assign.csproj", "{AEBC3FBB-F750-4830-A995-9E3A70014E29}"
EndProject
Global
	GlobalSection(SolutionConfigurationPlatforms) = preSolution
		Debug|Any CPU = Debug|Any CPU
		Release|Any CPU = Release|Any CPU
	EndGlobalSection
	GlobalSection(ProjectConfigurationPlatforms) = postSolution
		{AEBC3FBB-F750-4830-A995-9E3A70014E29}.Debug|Any CPU.ActiveCfg = Debug|Any CPU
		{AEBC3FBB-F750-4830-A995-9E3A70014E29}.Debug|Any CPU.Build.0 = Debug|Any CPU
		{AEBC3FBB-F750-4830-A995-9E3A70014E29}.Release|Any CPU.ActiveCfg = Release|Any CPU
		{AEBC3FBB-F750-4830-A995-9E3A70014E29}.Release|Any CPU.Build.0 = Release|Any CPU
	EndGlobalSection
	GlobalSection(SolutionProperties) = preSolution
		HideSolutionNode = FALSE
	EndGlobalSection
	GlobalSection(ExtensibilityGlobals) = postSolution
		SolutionGuid = {A9690909-23ED-4AE8-929D-6433DA6D781E}
	EndGlobalSection
EndGlobal
