
Microsoft Visual Studio Solution File, Format Version 12.00
# Visual Studio Version 16
VisualStudioVersion = 16.0.32510.428
MinimumVisualStudioVersion = 10.0.40219.1
Project("{FAE04EC0-301F-11D3-BF4B-00C04F79EFBC}") = "TryCatchassign", "TryCatchassign\TryCatchassign.csproj", "{56187810-F814-4138-83FF-F32EA407CDA3}"
EndProject
Global
	GlobalSection(SolutionConfigurationPlatforms) = preSolution
		Debug|Any CPU = Debug|Any CPU
		Release|Any CPU = Release|Any CPU
	EndGlobalSection
	GlobalSection(ProjectConfigurationPlatforms) = postSolution
		{56187810-F814-4138-83FF-F32EA407CDA3}.Debug|Any CPU.ActiveCfg = Debug|Any CPU
		{56187810-F814-4138-83FF-F32EA407CDA3}.Debug|Any CPU.Build.0 = Debug|Any CPU
		{56187810-F814-4138-83FF-F32EA407CDA3}.Release|Any CPU.ActiveCfg = Release|Any CPU
		{56187810-F814-4138-83FF-F32EA407CDA3}.Release|Any CPU.Build.0 = Release|Any CPU
	EndGlobalSection
	GlobalSection(SolutionProperties) = preSolution
		HideSolutionNode = FALSE
	EndGlobalSection
	GlobalSection(ExtensibilityGlobals) = postSolution
		SolutionGuid = {319930BF-BA98-411C-B0AA-223BBC98ACE0}
	EndGlobalSection
EndGlobal
