
Microsoft Visual Studio Solution File, Format Version 12.00
# Visual Studio Version 16
VisualStudioVersion = 16.0.32510.428
MinimumVisualStudioVersion = 10.0.40219.1
Project("{FAE04EC0-301F-11D3-BF4B-00C04F79EFBC}") = "CodeFirstNewDatabaseSample", "CodeFirstNewDatabaseSample\CodeFirstNewDatabaseSample.csproj", "{472C3565-34D7-4FAF-AA87-2AF0C3842996}"
EndProject
Global
	GlobalSection(SolutionConfigurationPlatforms) = preSolution
		Debug|Any CPU = Debug|Any CPU
		Release|Any CPU = Release|Any CPU
	EndGlobalSection
	GlobalSection(ProjectConfigurationPlatforms) = postSolution
		{472C3565-34D7-4FAF-AA87-2AF0C3842996}.Debug|Any CPU.ActiveCfg = Debug|Any CPU
		{472C3565-34D7-4FAF-AA87-2AF0C3842996}.Debug|Any CPU.Build.0 = Debug|Any CPU
		{472C3565-34D7-4FAF-AA87-2AF0C3842996}.Release|Any CPU.ActiveCfg = Release|Any CPU
		{472C3565-34D7-4FAF-AA87-2AF0C3842996}.Release|Any CPU.Build.0 = Release|Any CPU
	EndGlobalSection
	GlobalSection(SolutionProperties) = preSolution
		HideSolutionNode = FALSE
	EndGlobalSection
	GlobalSection(ExtensibilityGlobals) = postSolution
		SolutionGuid = {F434BC1B-6824-4532-9C07-1AAA38AB38E7}
	EndGlobalSection
EndGlobal
