
Microsoft Visual Studio Solution File, Format Version 12.00
# Visual Studio Version 16
VisualStudioVersion = 16.0.32510.428
MinimumVisualStudioVersion = 10.0.40219.1
Project("{FAE04EC0-301F-11D3-BF4B-00C04F79EFBC}") = "Iteration", "Iteration\Iteration.csproj", "{31AFF93B-7570-4353-A1BB-5F59257EB2D0}"
EndProject
Global
	GlobalSection(SolutionConfigurationPlatforms) = preSolution
		Debug|Any CPU = Debug|Any CPU
		Release|Any CPU = Release|Any CPU
	EndGlobalSection
	GlobalSection(ProjectConfigurationPlatforms) = postSolution
		{31AFF93B-7570-4353-A1BB-5F59257EB2D0}.Debug|Any CPU.ActiveCfg = Debug|Any CPU
		{31AFF93B-7570-4353-A1BB-5F59257EB2D0}.Debug|Any CPU.Build.0 = Debug|Any CPU
		{31AFF93B-7570-4353-A1BB-5F59257EB2D0}.Release|Any CPU.ActiveCfg = Release|Any CPU
		{31AFF93B-7570-4353-A1BB-5F59257EB2D0}.Release|Any CPU.Build.0 = Release|Any CPU
	EndGlobalSection
	GlobalSection(SolutionProperties) = preSolution
		HideSolutionNode = FALSE
	EndGlobalSection
	GlobalSection(ExtensibilityGlobals) = postSolution
		SolutionGuid = {3DFA7986-2375-4A64-BA53-4E440B7B3508}
	EndGlobalSection
EndGlobal
