
Microsoft Visual Studio Solution File, Format Version 12.00
# Visual Studio Version 16
VisualStudioVersion = 16.0.32510.428
MinimumVisualStudioVersion = 10.0.40219.1
Project("{FAE04EC0-301F-11D3-BF4B-00C04F79EFBC}") = "OverloadMethodassign", "OverloadMethodassign\OverloadMethodassign.csproj", "{FC4F00B9-19A1-47C4-83AF-668CDA308FCA}"
EndProject
Global
	GlobalSection(SolutionConfigurationPlatforms) = preSolution
		Debug|Any CPU = Debug|Any CPU
		Release|Any CPU = Release|Any CPU
	EndGlobalSection
	GlobalSection(ProjectConfigurationPlatforms) = postSolution
		{FC4F00B9-19A1-47C4-83AF-668CDA308FCA}.Debug|Any CPU.ActiveCfg = Debug|Any CPU
		{FC4F00B9-19A1-47C4-83AF-668CDA308FCA}.Debug|Any CPU.Build.0 = Debug|Any CPU
		{FC4F00B9-19A1-47C4-83AF-668CDA308FCA}.Release|Any CPU.ActiveCfg = Release|Any CPU
		{FC4F00B9-19A1-47C4-83AF-668CDA308FCA}.Release|Any CPU.Build.0 = Release|Any CPU
	EndGlobalSection
	GlobalSection(SolutionProperties) = preSolution
		HideSolutionNode = FALSE
	EndGlobalSection
	GlobalSection(ExtensibilityGlobals) = postSolution
		SolutionGuid = {3556CEAF-7819-4D58-B1A3-098FFA32E98E}
	EndGlobalSection
EndGlobal
